{
    "_readme": [
        "This file locks the dependencies of your project to a known state",
        "Read more about it at https://getcomposer.org/doc/01-basic-usage.md#installing-dependencies",
        "This file is @generated automatically"
    ],
    "content-hash": "40b674bf9c7e93cf6264abe5fbdfcd28",
    "packages": [
        {
            "name": "adbario/php-dot-notation",
            "version": "2.2.0",
            "source": {
                "type": "git",
                "url": "https://github.com/adbario/php-dot-notation.git",
                "reference": "eee4fc81296531e6aafba4c2bbccfc5adab1676e"
            },
            "dist": {
                "type": "zip",
                "url": "https://api.github.com/repos/adbario/php-dot-notation/zipball/eee4fc81296531e6aafba4c2bbccfc5adab1676e",
                "reference": "eee4fc81296531e6aafba4c2bbccfc5adab1676e",
                "shasum": ""
            },
            "require": {
                "ext-json": "*",
                "php": ">=5.5"
            },
            "require-dev": {
                "phpunit/phpunit": "^4.0|^5.0|^6.0",
                "squizlabs/php_codesniffer": "^3.0"
            },
            "type": "library",
            "autoload": {
                "files": [
                    "src/helpers.php"
                ],
                "psr-4": {
                    "Adbar\\": "src"
                }
            },
            "notification-url": "https://packagist.org/downloads/",
            "license": [
                "MIT"
            ],
            "authors": [
                {
                    "name": "Riku Särkinen",
                    "email": "riku@adbar.io"
                }
            ],
            "description": "PHP dot notation access to arrays",
            "homepage": "https://github.com/adbario/php-dot-notation",
            "keywords": [
                "ArrayAccess",
                "dotnotation"
            ],
            "support": {
                "issues": "https://github.com/adbario/php-dot-notation/issues",
                "source": "https://github.com/adbario/php-dot-notation/tree/2.x"
            },
            "time": "2019-01-01T23:59:15+00:00"
        },
        {
            "name": "latte/latte",
            "version": "v2.10.3",
            "source": {
                "type": "git",
                "url": "https://github.com/nette/latte.git",
                "reference": "dd2c58863e830c22a2c6b85af63f37b829d255df"
            },
            "dist": {
                "type": "zip",
                "url": "https://api.github.com/repos/nette/latte/zipball/dd2c58863e830c22a2c6b85af63f37b829d255df",
                "reference": "dd2c58863e830c22a2c6b85af63f37b829d255df",
                "shasum": ""
            },
            "require": {
                "ext-json": "*",
                "ext-tokenizer": "*",
                "php": ">=7.1 <8.1"
            },
            "conflict": {
                "nette/application": "<2.4.1"
            },
            "require-dev": {
                "nette/php-generator": "^3.3.4",
                "nette/tester": "~2.0",
                "nette/utils": "^3.0",
                "phpstan/phpstan": "^0.12",
                "tracy/tracy": "^2.3"
            },
            "suggest": {
                "ext-fileinfo": "to use filter |datastream",
                "ext-iconv": "to use filters |reverse, |substring",
                "ext-mbstring": "to use filters like lower, upper, capitalize, ...",
                "nette/php-generator": "to use tag {templatePrint}",
                "nette/utils": "to use filter |webalize"
            },
            "type": "library",
            "extra": {
                "branch-alias": {
                    "dev-master": "2.10-dev"
                }
            },
            "autoload": {
                "classmap": [
                    "src/"
                ]
            },
            "notification-url": "https://packagist.org/downloads/",
            "license": [
                "BSD-3-Clause",
                "GPL-2.0-only",
                "GPL-3.0-only"
            ],
            "authors": [
                {
                    "name": "David Grudl",
                    "homepage": "https://davidgrudl.com"
                },
                {
                    "name": "Nette Community",
                    "homepage": "https://nette.org/contributors"
                }
            ],
            "description": "☕ Latte: the intuitive and fast template engine for those who want the most secure PHP sites. Introduces context-sensitive escaping.",
            "homepage": "https://latte.nette.org",
            "keywords": [
                "context-sensitive",
                "engine",
                "escaping",
                "html",
                "nette",
                "security",
                "template",
                "twig"
            ],
            "support": {
                "issues": "https://github.com/nette/latte/issues",
                "source": "https://github.com/nette/latte/tree/v2.10.3"
            },
            "time": "2021-02-22T11:17:13+00:00"
        }
    ],
    "packages-dev": [],
    "aliases": [],
    "minimum-stability": "stable",
    "stability-flags": [],
    "prefer-stable": false,
    "prefer-lowest": false,
    "platform": [],
    "platform-dev": [],
    "plugin-api-version": "2.0.0"
}
